
Microsoft Visual Studio Solution File, Format Version 12.00
# Visual Studio Version 16
VisualStudioVersion = 16.0.31025.194
MinimumVisualStudioVersion = 10.0.40219.1
Project("{FAE04EC0-301F-11D3-BF4B-00C04F79EFBC}") = "AsyncWinforms", "AsyncWinforms\AsyncWinforms.csproj", "{67FE0E7F-D864-4556-9C2A-5385CB63F9DF}"
EndProject
Global
	GlobalSection(SolutionConfigurationPlatforms) = preSolution
		Debug|Any CPU = Debug|Any CPU
		Release|Any CPU = Release|Any CPU
	EndGlobalSection
	GlobalSection(ProjectConfigurationPlatforms) = postSolution
		{67FE0E7F-D864-4556-9C2A-5385CB63F9DF}.Debug|Any CPU.ActiveCfg = Debug|Any CPU
		{67FE0E7F-D864-4556-9C2A-5385CB63F9DF}.Debug|Any CPU.Build.0 = Debug|Any CPU
		{67FE0E7F-D864-4556-9C2A-5385CB63F9DF}.Release|Any CPU.ActiveCfg = Release|Any CPU
		{67FE0E7F-D864-4556-9C2A-5385CB63F9DF}.Release|Any CPU.Build.0 = Release|Any CPU
	EndGlobalSection
	GlobalSection(SolutionProperties) = preSolution
		HideSolutionNode = FALSE
	EndGlobalSection
	GlobalSection(ExtensibilityGlobals) = postSolution
		SolutionGuid = {10D3437B-25A5-46FB-B875-A90A8CB9928A}
	EndGlobalSection
EndGlobal
